
Microsoft Visual Studio Solution File, Format Version 12.00
# Visual Studio Version 17
VisualStudioVersion = 17.14.36414.22
MinimumVisualStudioVersion = 10.0.40219.1
Project("{FAE04EC0-301F-11D3-BF4B-00C04F79EFBC}") = "Quizymode.Api", "src\Quizymode.Api\Quizymode.Api.csproj", "{7981AB11-11A0-B862-D377-F0467651DFB2}"
EndProject
Project("{FAE04EC0-301F-11D3-BF4B-00C04F79EFBC}") = "Quizymode.AppHost", "src\Quizymode.Api.AppHost\Quizymode.AppHost.csproj", "{1F4CA4D0-6998-4E71-AE39-36FBC2F9CB36}"
EndProject
Project("{FAE04EC0-301F-11D3-BF4B-00C04F79EFBC}") = "Quizymode.ServiceDefaults", "src\Quizymode.Api.ServiceDefaults\Quizymode.ServiceDefaults.csproj", "{89D46C13-10F3-B7F5-4DDE-6BF455188492}"
EndProject
Project("{2150E333-8FDC-42A3-9474-1A3956D46DE8}") = "tests", "tests", "{0AB3BF05-4346-4AA6-1389-037BE0695223}"
EndProject
Project("{FAE04EC0-301F-11D3-BF4B-00C04F79EFBC}") = "Quizymode.Api.Tests", "tests\Quizymode.Api.Tests\Quizymode.Api.Tests.csproj", "{B8918356-631C-434C-8811-E6B5F1B3C6C1}"
EndProject
Project("{2150E333-8FDC-42A3-9474-1A3956D46DE8}") = "src", "src", "{02EA681E-C7D8-13C7-8484-4AC65E1B71E8}"
EndProject
Global
	GlobalSection(SolutionConfigurationPlatforms) = preSolution
		Debug|Any CPU = Debug|Any CPU
		Debug|x64 = Debug|x64
		Debug|x86 = Debug|x86
		Release|Any CPU = Release|Any CPU
		Release|x64 = Release|x64
		Release|x86 = Release|x86
	EndGlobalSection
	GlobalSection(ProjectConfigurationPlatforms) = postSolution
		{7981AB11-11A0-B862-D377-F0467651DFB2}.Debug|Any CPU.ActiveCfg = Debug|Any CPU
		{7981AB11-11A0-B862-D377-F0467651DFB2}.Debug|Any CPU.Build.0 = Debug|Any CPU
		{7981AB11-11A0-B862-D377-F0467651DFB2}.Debug|x64.ActiveCfg = Debug|Any CPU
		{7981AB11-11A0-B862-D377-F0467651DFB2}.Debug|x64.Build.0 = Debug|Any CPU
		{7981AB11-11A0-B862-D377-F0467651DFB2}.Debug|x86.ActiveCfg = Debug|Any CPU
		{7981AB11-11A0-B862-D377-F0467651DFB2}.Debug|x86.Build.0 = Debug|Any CPU
		{7981AB11-11A0-B862-D377-F0467651DFB2}.Release|Any CPU.ActiveCfg = Release|Any CPU
		{7981AB11-11A0-B862-D377-F0467651DFB2}.Release|Any CPU.Build.0 = Release|Any CPU
		{7981AB11-11A0-B862-D377-F0467651DFB2}.Release|x64.ActiveCfg = Release|Any CPU
		{7981AB11-11A0-B862-D377-F0467651DFB2}.Release|x64.Build.0 = Release|Any CPU
		{7981AB11-11A0-B862-D377-F0467651DFB2}.Release|x86.ActiveCfg = Release|Any CPU
		{7981AB11-11A0-B862-D377-F0467651DFB2}.Release|x86.Build.0 = Release|Any CPU
		{1F4CA4D0-6998-4E71-AE39-36FBC2F9CB36}.Debug|Any CPU.ActiveCfg = Debug|Any CPU
		{1F4CA4D0-6998-4E71-AE39-36FBC2F9CB36}.Debug|Any CPU.Build.0 = Debug|Any CPU
		{1F4CA4D0-6998-4E71-AE39-36FBC2F9CB36}.Debug|x64.ActiveCfg = Debug|Any CPU
		{1F4CA4D0-6998-4E71-AE39-36FBC2F9CB36}.Debug|x64.Build.0 = Debug|Any CPU
		{1F4CA4D0-6998-4E71-AE39-36FBC2F9CB36}.Debug|x86.ActiveCfg = Debug|Any CPU
		{1F4CA4D0-6998-4E71-AE39-36FBC2F9CB36}.Debug|x86.Build.0 = Debug|Any CPU
		{1F4CA4D0-6998-4E71-AE39-36FBC2F9CB36}.Release|Any CPU.ActiveCfg = Release|Any CPU
		{1F4CA4D0-6998-4E71-AE39-36FBC2F9CB36}.Release|Any CPU.Build.0 = Release|Any CPU
		{1F4CA4D0-6998-4E71-AE39-36FBC2F9CB36}.Release|x64.ActiveCfg = Release|Any CPU
		{1F4CA4D0-6998-4E71-AE39-36FBC2F9CB36}.Release|x64.Build.0 = Release|Any CPU
		{1F4CA4D0-6998-4E71-AE39-36FBC2F9CB36}.Release|x86.ActiveCfg = Release|Any CPU
		{1F4CA4D0-6998-4E71-AE39-36FBC2F9CB36}.Release|x86.Build.0 = Release|Any CPU
		{89D46C13-10F3-B7F5-4DDE-6BF455188492}.Debug|Any CPU.ActiveCfg = Debug|Any CPU
		{89D46C13-10F3-B7F5-4DDE-6BF455188492}.Debug|Any CPU.Build.0 = Debug|Any CPU
		{89D46C13-10F3-B7F5-4DDE-6BF455188492}.Debug|x64.ActiveCfg = Debug|Any CPU
		{89D46C13-10F3-B7F5-4DDE-6BF455188492}.Debug|x64.Build.0 = Debug|Any CPU
		{89D46C13-10F3-B7F5-4DDE-6BF455188492}.Debug|x86.ActiveCfg = Debug|Any CPU
		{89D46C13-10F3-B7F5-4DDE-6BF455188492}.Debug|x86.Build.0 = Debug|Any CPU
		{89D46C13-10F3-B7F5-4DDE-6BF455188492}.Release|Any CPU.ActiveCfg = Release|Any CPU
		{89D46C13-10F3-B7F5-4DDE-6BF455188492}.Release|Any CPU.Build.0 = Release|Any CPU
		{89D46C13-10F3-B7F5-4DDE-6BF455188492}.Release|x64.ActiveCfg = Release|Any CPU
		{89D46C13-10F3-B7F5-4DDE-6BF455188492}.Release|x64.Build.0 = Release|Any CPU
		{89D46C13-10F3-B7F5-4DDE-6BF455188492}.Release|x86.ActiveCfg = Release|Any CPU
		{89D46C13-10F3-B7F5-4DDE-6BF455188492}.Release|x86.Build.0 = Release|Any CPU
		{B8918356-631C-434C-8811-E6B5F1B3C6C1}.Debug|Any CPU.ActiveCfg = Debug|Any CPU
		{B8918356-631C-434C-8811-E6B5F1B3C6C1}.Debug|Any CPU.Build.0 = Debug|Any CPU
		{B8918356-631C-434C-8811-E6B5F1B3C6C1}.Debug|x64.ActiveCfg = Debug|Any CPU
		{B8918356-631C-434C-8811-E6B5F1B3C6C1}.Debug|x64.Build.0 = Debug|Any CPU
		{B8918356-631C-434C-8811-E6B5F1B3C6C1}.Debug|x86.ActiveCfg = Debug|Any CPU
		{B8918356-631C-434C-8811-E6B5F1B3C6C1}.Debug|x86.Build.0 = Debug|Any CPU
		{B8918356-631C-434C-8811-E6B5F1B3C6C1}.Release|Any CPU.ActiveCfg = Release|Any CPU
		{B8918356-631C-434C-8811-E6B5F1B3C6C1}.Release|Any CPU.Build.0 = Release|Any CPU
		{B8918356-631C-434C-8811-E6B5F1B3C6C1}.Release|x64.ActiveCfg = Release|Any CPU
		{B8918356-631C-434C-8811-E6B5F1B3C6C1}.Release|x64.Build.0 = Release|Any CPU
		{B8918356-631C-434C-8811-E6B5F1B3C6C1}.Release|x86.ActiveCfg = Release|Any CPU
		{B8918356-631C-434C-8811-E6B5F1B3C6C1}.Release|x86.Build.0 = Release|Any CPU
	EndGlobalSection
	GlobalSection(SolutionProperties) = preSolution
		HideSolutionNode = FALSE
	EndGlobalSection
	GlobalSection(NestedProjects) = preSolution
		{7981AB11-11A0-B862-D377-F0467651DFB2} = {02EA681E-C7D8-13C7-8484-4AC65E1B71E8}
		{1F4CA4D0-6998-4E71-AE39-36FBC2F9CB36} = {02EA681E-C7D8-13C7-8484-4AC65E1B71E8}
		{89D46C13-10F3-B7F5-4DDE-6BF455188492} = {02EA681E-C7D8-13C7-8484-4AC65E1B71E8}
		{B8918356-631C-434C-8811-E6B5F1B3C6C1} = {0AB3BF05-4346-4AA6-1389-037BE0695223}
	EndGlobalSection
	GlobalSection(ExtensibilityGlobals) = postSolution
		SolutionGuid = {2D0B9981-9F11-43F0-8126-D2BBB38C6340}
	EndGlobalSection
EndGlobal
